
Microsoft Visual Studio Solution File, Format Version 12.00
# Visual Studio Version 16
VisualStudioVersion = 16.0.29905.134
MinimumVisualStudioVersion = 10.0.40219.1
Project("{9A19103F-16F7-4668-BE54-9A1E7A4F7556}") = "Shop.Api", "EnigmatryShop\Shop.Api.csproj", "{25D95FCB-7F38-43BF-A96D-331E9EAAC827}"
EndProject
Project("{2150E333-8FDC-42A3-9474-1A3956D46DE8}") = "src", "src", "{7C7F06DA-895C-46D4-8C68-46B8D3B800F1}"
EndProject
Project("{2150E333-8FDC-42A3-9474-1A3956D46DE8}") = "tests", "tests", "{FE962706-D2DB-431E-89E5-E58B41351289}"
EndProject
Project("{2150E333-8FDC-42A3-9474-1A3956D46DE8}") = "Shop", "Shop", "{C8D5E3A8-CEBC-4BC4-9A41-ECBEAF031ECB}"
EndProject
Project("{2150E333-8FDC-42A3-9474-1A3956D46DE8}") = "Shared", "Shared", "{9B7298C1-73EF-4F85-A182-151649F61008}"
EndProject
Project("{2150E333-8FDC-42A3-9474-1A3956D46DE8}") = "Vendor", "Vendor", "{63C50197-6CD6-491E-8F30-DEDFB818A5AA}"
EndProject
Project("{9A19103F-16F7-4668-BE54-9A1E7A4F7556}") = "Shop.Application", "Shop.Application\Shop.Application.csproj", "{086A5F2C-89E4-42AC-B7BC-43343BD230F6}"
EndProject
Project("{9A19103F-16F7-4668-BE54-9A1E7A4F7556}") = "Shop.Infrastructure", "Shop.Infrastructure\Shop.Infrastructure.csproj", "{FF04219D-842C-4BE1-9ADA-FA99B779FBA0}"
EndProject
Project("{9A19103F-16F7-4668-BE54-9A1E7A4F7556}") = "Vendor.Application", "Vendor.Application\Vendor.Application.csproj", "{241C4EE6-9FD2-42BA-8366-0DD694723E85}"
EndProject
Project("{9A19103F-16F7-4668-BE54-9A1E7A4F7556}") = "Vendor.Infrastructure", "Vendor.Infrastructure\Vendor.Infrastructure.csproj", "{39E4226E-D59E-4D49-912A-77A1A124AB6C}"
EndProject
Project("{9A19103F-16F7-4668-BE54-9A1E7A4F7556}") = "Vendor.Api", "Vendor.Api\Vendor.Api.csproj", "{8D22BDA7-455D-4A87-90BC-002DA883320E}"
EndProject
Project("{9A19103F-16F7-4668-BE54-9A1E7A4F7556}") = "Shared.Models", "Shared.Models\Shared.Models.csproj", "{C1775084-CEF4-45A5-84DB-2CC3B6DAE035}"
EndProject
Project("{FAE04EC0-301F-11D3-BF4B-00C04F79EFBC}") = "ShopTests", "ShopTests\ShopTests.csproj", "{29DD6302-5658-408F-9E50-43F690C34AB5}"
EndProject
Global
	GlobalSection(SolutionConfigurationPlatforms) = preSolution
		Debug|Any CPU = Debug|Any CPU
		Release|Any CPU = Release|Any CPU
	EndGlobalSection
	GlobalSection(ProjectConfigurationPlatforms) = postSolution
		{25D95FCB-7F38-43BF-A96D-331E9EAAC827}.Debug|Any CPU.ActiveCfg = Debug|Any CPU
		{25D95FCB-7F38-43BF-A96D-331E9EAAC827}.Debug|Any CPU.Build.0 = Debug|Any CPU
		{25D95FCB-7F38-43BF-A96D-331E9EAAC827}.Release|Any CPU.ActiveCfg = Release|Any CPU
		{25D95FCB-7F38-43BF-A96D-331E9EAAC827}.Release|Any CPU.Build.0 = Release|Any CPU
		{086A5F2C-89E4-42AC-B7BC-43343BD230F6}.Debug|Any CPU.ActiveCfg = Debug|Any CPU
		{086A5F2C-89E4-42AC-B7BC-43343BD230F6}.Debug|Any CPU.Build.0 = Debug|Any CPU
		{086A5F2C-89E4-42AC-B7BC-43343BD230F6}.Release|Any CPU.ActiveCfg = Release|Any CPU
		{086A5F2C-89E4-42AC-B7BC-43343BD230F6}.Release|Any CPU.Build.0 = Release|Any CPU
		{FF04219D-842C-4BE1-9ADA-FA99B779FBA0}.Debug|Any CPU.ActiveCfg = Debug|Any CPU
		{FF04219D-842C-4BE1-9ADA-FA99B779FBA0}.Debug|Any CPU.Build.0 = Debug|Any CPU
		{FF04219D-842C-4BE1-9ADA-FA99B779FBA0}.Release|Any CPU.ActiveCfg = Release|Any CPU
		{FF04219D-842C-4BE1-9ADA-FA99B779FBA0}.Release|Any CPU.Build.0 = Release|Any CPU
		{241C4EE6-9FD2-42BA-8366-0DD694723E85}.Debug|Any CPU.ActiveCfg = Debug|Any CPU
		{241C4EE6-9FD2-42BA-8366-0DD694723E85}.Debug|Any CPU.Build.0 = Debug|Any CPU
		{241C4EE6-9FD2-42BA-8366-0DD694723E85}.Release|Any CPU.ActiveCfg = Release|Any CPU
		{241C4EE6-9FD2-42BA-8366-0DD694723E85}.Release|Any CPU.Build.0 = Release|Any CPU
		{39E4226E-D59E-4D49-912A-77A1A124AB6C}.Debug|Any CPU.ActiveCfg = Debug|Any CPU
		{39E4226E-D59E-4D49-912A-77A1A124AB6C}.Debug|Any CPU.Build.0 = Debug|Any CPU
		{39E4226E-D59E-4D49-912A-77A1A124AB6C}.Release|Any CPU.ActiveCfg = Release|Any CPU
		{39E4226E-D59E-4D49-912A-77A1A124AB6C}.Release|Any CPU.Build.0 = Release|Any CPU
		{8D22BDA7-455D-4A87-90BC-002DA883320E}.Debug|Any CPU.ActiveCfg = Debug|Any CPU
		{8D22BDA7-455D-4A87-90BC-002DA883320E}.Debug|Any CPU.Build.0 = Debug|Any CPU
		{8D22BDA7-455D-4A87-90BC-002DA883320E}.Release|Any CPU.ActiveCfg = Release|Any CPU
		{8D22BDA7-455D-4A87-90BC-002DA883320E}.Release|Any CPU.Build.0 = Release|Any CPU
		{C1775084-CEF4-45A5-84DB-2CC3B6DAE035}.Debug|Any CPU.ActiveCfg = Debug|Any CPU
		{C1775084-CEF4-45A5-84DB-2CC3B6DAE035}.Debug|Any CPU.Build.0 = Debug|Any CPU
		{C1775084-CEF4-45A5-84DB-2CC3B6DAE035}.Release|Any CPU.ActiveCfg = Release|Any CPU
		{C1775084-CEF4-45A5-84DB-2CC3B6DAE035}.Release|Any CPU.Build.0 = Release|Any CPU
		{29DD6302-5658-408F-9E50-43F690C34AB5}.Debug|Any CPU.ActiveCfg = Debug|Any CPU
		{29DD6302-5658-408F-9E50-43F690C34AB5}.Debug|Any CPU.Build.0 = Debug|Any CPU
		{29DD6302-5658-408F-9E50-43F690C34AB5}.Release|Any CPU.ActiveCfg = Release|Any CPU
		{29DD6302-5658-408F-9E50-43F690C34AB5}.Release|Any CPU.Build.0 = Release|Any CPU
	EndGlobalSection
	GlobalSection(SolutionProperties) = preSolution
		HideSolutionNode = FALSE
	EndGlobalSection
	GlobalSection(NestedProjects) = preSolution
		{25D95FCB-7F38-43BF-A96D-331E9EAAC827} = {C8D5E3A8-CEBC-4BC4-9A41-ECBEAF031ECB}
		{C8D5E3A8-CEBC-4BC4-9A41-ECBEAF031ECB} = {7C7F06DA-895C-46D4-8C68-46B8D3B800F1}
		{9B7298C1-73EF-4F85-A182-151649F61008} = {7C7F06DA-895C-46D4-8C68-46B8D3B800F1}
		{63C50197-6CD6-491E-8F30-DEDFB818A5AA} = {7C7F06DA-895C-46D4-8C68-46B8D3B800F1}
		{086A5F2C-89E4-42AC-B7BC-43343BD230F6} = {C8D5E3A8-CEBC-4BC4-9A41-ECBEAF031ECB}
		{FF04219D-842C-4BE1-9ADA-FA99B779FBA0} = {C8D5E3A8-CEBC-4BC4-9A41-ECBEAF031ECB}
		{241C4EE6-9FD2-42BA-8366-0DD694723E85} = {63C50197-6CD6-491E-8F30-DEDFB818A5AA}
		{39E4226E-D59E-4D49-912A-77A1A124AB6C} = {63C50197-6CD6-491E-8F30-DEDFB818A5AA}
		{8D22BDA7-455D-4A87-90BC-002DA883320E} = {63C50197-6CD6-491E-8F30-DEDFB818A5AA}
		{C1775084-CEF4-45A5-84DB-2CC3B6DAE035} = {9B7298C1-73EF-4F85-A182-151649F61008}
		{29DD6302-5658-408F-9E50-43F690C34AB5} = {FE962706-D2DB-431E-89E5-E58B41351289}
	EndGlobalSection
	GlobalSection(ExtensibilityGlobals) = postSolution
		SolutionGuid = {88166CC8-63EB-4A2E-B0FD-FB370CFDF03D}
	EndGlobalSection
EndGlobal
